
Microsoft Visual Studio Solution File, Format Version 12.00
# Visual Studio 15
VisualStudioVersion = 15.0.27703.2047
MinimumVisualStudioVersion = 10.0.40219.1
Project("{FAE04EC0-301F-11D3-BF4B-00C04F79EFBC}") = "MAXClockAPI", "MAXClockAPI\MAXClockAPI.csproj", "{CBDFDE6A-3298-4575-B396-099B1E8483A9}"
EndProject
Global
	GlobalSection(SolutionConfigurationPlatforms) = preSolution
		Debug|Any CPU = Debug|Any CPU
		Release|Any CPU = Release|Any CPU
	EndGlobalSection
	GlobalSection(ProjectConfigurationPlatforms) = postSolution
		{CBDFDE6A-3298-4575-B396-099B1E8483A9}.Debug|Any CPU.ActiveCfg = Debug|Any CPU
		{CBDFDE6A-3298-4575-B396-099B1E8483A9}.Debug|Any CPU.Build.0 = Debug|Any CPU
		{CBDFDE6A-3298-4575-B396-099B1E8483A9}.Release|Any CPU.ActiveCfg = Release|Any CPU
		{CBDFDE6A-3298-4575-B396-099B1E8483A9}.Release|Any CPU.Build.0 = Release|Any CPU
	EndGlobalSection
	GlobalSection(SolutionProperties) = preSolution
		HideSolutionNode = FALSE
	EndGlobalSection
	GlobalSection(ExtensibilityGlobals) = postSolution
		SolutionGuid = {D6A90D58-0D23-497F-831A-C3F141E6DD6A}
	EndGlobalSection
EndGlobal
